
Microsoft Visual Studio Solution File, Format Version 12.00
# Visual Studio 15
VisualStudioVersion = 15.0.28307.106
MinimumVisualStudioVersion = 10.0.40219.1
Project("{FAE04EC0-301F-11D3-BF4B-00C04F79EFBC}") = "Server", "CTF_Console\Server\Server.csproj", "{891F3E48-26D7-42D0-B0C6-E50D21662598}"
EndProject
Project("{13B669BE-BB05-4DDF-9536-439F39A36129}") = "CTF_Console", "CTF_Console\CTF_Console\CTF_Console.msbuildproj", "{E21B68E1-ACCA-4F6B-A537-12164C6C01EF}"
EndProject
Global
	GlobalSection(SolutionConfigurationPlatforms) = preSolution
		Debug|Any CPU = Debug|Any CPU
		Release|Any CPU = Release|Any CPU
	EndGlobalSection
	GlobalSection(ProjectConfigurationPlatforms) = postSolution
		{891F3E48-26D7-42D0-B0C6-E50D21662598}.Debug|Any CPU.ActiveCfg = Debug|Any CPU
		{891F3E48-26D7-42D0-B0C6-E50D21662598}.Debug|Any CPU.Build.0 = Debug|Any CPU
		{891F3E48-26D7-42D0-B0C6-E50D21662598}.Release|Any CPU.ActiveCfg = Release|Any CPU
		{891F3E48-26D7-42D0-B0C6-E50D21662598}.Release|Any CPU.Build.0 = Release|Any CPU
		{E21B68E1-ACCA-4F6B-A537-12164C6C01EF}.Debug|Any CPU.ActiveCfg = Debug|Any CPU
		{E21B68E1-ACCA-4F6B-A537-12164C6C01EF}.Debug|Any CPU.Build.0 = Debug|Any CPU
		{E21B68E1-ACCA-4F6B-A537-12164C6C01EF}.Release|Any CPU.ActiveCfg = Release|Any CPU
		{E21B68E1-ACCA-4F6B-A537-12164C6C01EF}.Release|Any CPU.Build.0 = Release|Any CPU
	EndGlobalSection
	GlobalSection(SolutionProperties) = preSolution
		HideSolutionNode = FALSE
	EndGlobalSection
	GlobalSection(ExtensibilityGlobals) = postSolution
		SolutionGuid = {E1FE07CD-4A96-4100-A72C-879A6B57A05A}
	EndGlobalSection
EndGlobal
