
Microsoft Visual Studio Solution File, Format Version 12.00
# Visual Studio 15
VisualStudioVersion = 15.0.28307.438
MinimumVisualStudioVersion = 10.0.40219.1
Project("{FAE04EC0-301F-11D3-BF4B-00C04F79EFBC}") = "OvQ-C", "OvQ-C\OvQ-C.csproj", "{B2497455-5739-4D82-9D99-63949AB8CA00}"
EndProject
Project("{FAE04EC0-301F-11D3-BF4B-00C04F79EFBC}") = "OvQ-S", "OvQ-S\OvQ-S.csproj", "{63D9DAD7-6794-4D29-8830-EDB9775142D9}"
EndProject
Global
	GlobalSection(SolutionConfigurationPlatforms) = preSolution
		Debug|Any CPU = Debug|Any CPU
		Release|Any CPU = Release|Any CPU
	EndGlobalSection
	GlobalSection(ProjectConfigurationPlatforms) = postSolution
		{B2497455-5739-4D82-9D99-63949AB8CA00}.Debug|Any CPU.ActiveCfg = Debug|Any CPU
		{B2497455-5739-4D82-9D99-63949AB8CA00}.Debug|Any CPU.Build.0 = Debug|Any CPU
		{B2497455-5739-4D82-9D99-63949AB8CA00}.Release|Any CPU.ActiveCfg = Release|Any CPU
		{B2497455-5739-4D82-9D99-63949AB8CA00}.Release|Any CPU.Build.0 = Release|Any CPU
		{63D9DAD7-6794-4D29-8830-EDB9775142D9}.Debug|Any CPU.ActiveCfg = Debug|Any CPU
		{63D9DAD7-6794-4D29-8830-EDB9775142D9}.Debug|Any CPU.Build.0 = Debug|Any CPU
		{63D9DAD7-6794-4D29-8830-EDB9775142D9}.Release|Any CPU.ActiveCfg = Release|Any CPU
		{63D9DAD7-6794-4D29-8830-EDB9775142D9}.Release|Any CPU.Build.0 = Release|Any CPU
	EndGlobalSection
	GlobalSection(SolutionProperties) = preSolution
		HideSolutionNode = FALSE
	EndGlobalSection
	GlobalSection(ExtensibilityGlobals) = postSolution
		SolutionGuid = {24190034-6294-4360-9D61-7985230D9746}
	EndGlobalSection
EndGlobal
