
Microsoft Visual Studio Solution File, Format Version 12.00
# Visual Studio Version 16
VisualStudioVersion = 16.0.30320.27
MinimumVisualStudioVersion = 10.0.40219.1
Project("{FAE04EC0-301F-11D3-BF4B-00C04F79EFBC}") = "Map", "Map\Map.csproj", "{2F045DB8-1F6D-4E5E-B608-E33F8B05056F}"
EndProject
Global
	GlobalSection(SolutionConfigurationPlatforms) = preSolution
		Debug|Any CPU = Debug|Any CPU
		Release|Any CPU = Release|Any CPU
	EndGlobalSection
	GlobalSection(ProjectConfigurationPlatforms) = postSolution
		{2F045DB8-1F6D-4E5E-B608-E33F8B05056F}.Debug|Any CPU.ActiveCfg = Debug|Any CPU
		{2F045DB8-1F6D-4E5E-B608-E33F8B05056F}.Debug|Any CPU.Build.0 = Debug|Any CPU
		{2F045DB8-1F6D-4E5E-B608-E33F8B05056F}.Release|Any CPU.ActiveCfg = Release|Any CPU
		{2F045DB8-1F6D-4E5E-B608-E33F8B05056F}.Release|Any CPU.Build.0 = Release|Any CPU
	EndGlobalSection
	GlobalSection(SolutionProperties) = preSolution
		HideSolutionNode = FALSE
	EndGlobalSection
	GlobalSection(ExtensibilityGlobals) = postSolution
		SolutionGuid = {F0994614-134C-49F6-B468-5318A518A78E}
	EndGlobalSection
EndGlobal
