
Microsoft Visual Studio Solution File, Format Version 12.00
# Visual Studio 15
VisualStudioVersion = 15.0.28307.572
MinimumVisualStudioVersion = 10.0.40219.1
Project("{FAE04EC0-301F-11D3-BF4B-00C04F79EFBC}") = "mSettings", "mSettings\mSettings.csproj", "{935BFB86-EEE7-4F07-8913-60B07137CEA9}"
EndProject
Global
	GlobalSection(SolutionConfigurationPlatforms) = preSolution
		Debug|Any CPU = Debug|Any CPU
		Release|Any CPU = Release|Any CPU
	EndGlobalSection
	GlobalSection(ProjectConfigurationPlatforms) = postSolution
		{935BFB86-EEE7-4F07-8913-60B07137CEA9}.Debug|Any CPU.ActiveCfg = Debug|Any CPU
		{935BFB86-EEE7-4F07-8913-60B07137CEA9}.Debug|Any CPU.Build.0 = Debug|Any CPU
		{935BFB86-EEE7-4F07-8913-60B07137CEA9}.Release|Any CPU.ActiveCfg = Release|Any CPU
		{935BFB86-EEE7-4F07-8913-60B07137CEA9}.Release|Any CPU.Build.0 = Release|Any CPU
	EndGlobalSection
	GlobalSection(SolutionProperties) = preSolution
		HideSolutionNode = FALSE
	EndGlobalSection
	GlobalSection(ExtensibilityGlobals) = postSolution
		SolutionGuid = {CF79C38C-97A4-498A-ACF8-4C7E8B5E3694}
	EndGlobalSection
EndGlobal
